
Microsoft Visual Studio Solution File, Format Version 11.00
# Visual Studio 2010
Project("{FAE04EC0-301F-11D3-BF4B-00C04F79EFBC}") = "WinUIScraper", "WinUIScraper\WinUIScraper.csproj", "{045F0A35-8077-4BA5-B5C5-99252BD26A84}"
EndProject
Project("{FAE04EC0-301F-11D3-BF4B-00C04F79EFBC}") = "WinUIScraper.UnitTests", "WinUIScraper.UnitTests\WinUIScraper.UnitTests.csproj", "{CE319417-1ED1-4CA2-A53F-C6C988FE7AD0}"
EndProject
Project("{FAE04EC0-301F-11D3-BF4B-00C04F79EFBC}") = "WinUIScraper.Samples", "WinUIScraper.Samples\WinUIScraper.Samples.csproj", "{67241251-3A31-4424-A610-759084BA6007}"
EndProject
Global
	GlobalSection(SolutionConfigurationPlatforms) = preSolution
		Debug|Any CPU = Debug|Any CPU
		Debug|Mixed Platforms = Debug|Mixed Platforms
		Debug|x86 = Debug|x86
		Release|Any CPU = Release|Any CPU
		Release|Mixed Platforms = Release|Mixed Platforms
		Release|x86 = Release|x86
	EndGlobalSection
	GlobalSection(ProjectConfigurationPlatforms) = postSolution
		{045F0A35-8077-4BA5-B5C5-99252BD26A84}.Debug|Any CPU.ActiveCfg = Debug|x86
		{045F0A35-8077-4BA5-B5C5-99252BD26A84}.Debug|Mixed Platforms.ActiveCfg = Debug|x86
		{045F0A35-8077-4BA5-B5C5-99252BD26A84}.Debug|Mixed Platforms.Build.0 = Debug|x86
		{045F0A35-8077-4BA5-B5C5-99252BD26A84}.Debug|x86.ActiveCfg = Debug|x86
		{045F0A35-8077-4BA5-B5C5-99252BD26A84}.Debug|x86.Build.0 = Debug|x86
		{045F0A35-8077-4BA5-B5C5-99252BD26A84}.Release|Any CPU.ActiveCfg = Release|x86
		{045F0A35-8077-4BA5-B5C5-99252BD26A84}.Release|Mixed Platforms.ActiveCfg = Release|x86
		{045F0A35-8077-4BA5-B5C5-99252BD26A84}.Release|Mixed Platforms.Build.0 = Release|x86
		{045F0A35-8077-4BA5-B5C5-99252BD26A84}.Release|x86.ActiveCfg = Release|x86
		{045F0A35-8077-4BA5-B5C5-99252BD26A84}.Release|x86.Build.0 = Release|x86
		{CE319417-1ED1-4CA2-A53F-C6C988FE7AD0}.Debug|Any CPU.ActiveCfg = Debug|Any CPU
		{CE319417-1ED1-4CA2-A53F-C6C988FE7AD0}.Debug|Any CPU.Build.0 = Debug|Any CPU
		{CE319417-1ED1-4CA2-A53F-C6C988FE7AD0}.Debug|Mixed Platforms.ActiveCfg = Debug|Any CPU
		{CE319417-1ED1-4CA2-A53F-C6C988FE7AD0}.Debug|Mixed Platforms.Build.0 = Debug|Any CPU
		{CE319417-1ED1-4CA2-A53F-C6C988FE7AD0}.Debug|x86.ActiveCfg = Debug|Any CPU
		{CE319417-1ED1-4CA2-A53F-C6C988FE7AD0}.Release|Any CPU.ActiveCfg = Release|Any CPU
		{CE319417-1ED1-4CA2-A53F-C6C988FE7AD0}.Release|Any CPU.Build.0 = Release|Any CPU
		{CE319417-1ED1-4CA2-A53F-C6C988FE7AD0}.Release|Mixed Platforms.ActiveCfg = Release|Any CPU
		{CE319417-1ED1-4CA2-A53F-C6C988FE7AD0}.Release|Mixed Platforms.Build.0 = Release|Any CPU
		{CE319417-1ED1-4CA2-A53F-C6C988FE7AD0}.Release|x86.ActiveCfg = Release|Any CPU
		{67241251-3A31-4424-A610-759084BA6007}.Debug|Any CPU.ActiveCfg = Debug|x86
		{67241251-3A31-4424-A610-759084BA6007}.Debug|Mixed Platforms.ActiveCfg = Debug|x86
		{67241251-3A31-4424-A610-759084BA6007}.Debug|Mixed Platforms.Build.0 = Debug|x86
		{67241251-3A31-4424-A610-759084BA6007}.Debug|x86.ActiveCfg = Debug|x86
		{67241251-3A31-4424-A610-759084BA6007}.Debug|x86.Build.0 = Debug|x86
		{67241251-3A31-4424-A610-759084BA6007}.Release|Any CPU.ActiveCfg = Release|x86
		{67241251-3A31-4424-A610-759084BA6007}.Release|Mixed Platforms.ActiveCfg = Release|x86
		{67241251-3A31-4424-A610-759084BA6007}.Release|Mixed Platforms.Build.0 = Release|x86
		{67241251-3A31-4424-A610-759084BA6007}.Release|x86.ActiveCfg = Release|x86
		{67241251-3A31-4424-A610-759084BA6007}.Release|x86.Build.0 = Release|x86
	EndGlobalSection
	GlobalSection(SolutionProperties) = preSolution
		HideSolutionNode = FALSE
	EndGlobalSection
EndGlobal
